
Microsoft Visual Studio Solution File, Format Version 12.00
# Visual Studio Version 16
VisualStudioVersion = 16.0.31515.178
MinimumVisualStudioVersion = 10.0.40219.1
Project("{FAE04EC0-301F-11D3-BF4B-00C04F79EFBC}") = "Stok Girişi", "Stok Girişi\Stok Girişi.csproj", "{5A6526B7-1C14-4BFE-B97D-253D17E2479C}"
EndProject
Global
	GlobalSection(SolutionConfigurationPlatforms) = preSolution
		Debug|Any CPU = Debug|Any CPU
		Release|Any CPU = Release|Any CPU
	EndGlobalSection
	GlobalSection(ProjectConfigurationPlatforms) = postSolution
		{5A6526B7-1C14-4BFE-B97D-253D17E2479C}.Debug|Any CPU.ActiveCfg = Debug|Any CPU
		{5A6526B7-1C14-4BFE-B97D-253D17E2479C}.Debug|Any CPU.Build.0 = Debug|Any CPU
		{5A6526B7-1C14-4BFE-B97D-253D17E2479C}.Release|Any CPU.ActiveCfg = Release|Any CPU
		{5A6526B7-1C14-4BFE-B97D-253D17E2479C}.Release|Any CPU.Build.0 = Release|Any CPU
	EndGlobalSection
	GlobalSection(SolutionProperties) = preSolution
		HideSolutionNode = FALSE
	EndGlobalSection
	GlobalSection(ExtensibilityGlobals) = postSolution
		SolutionGuid = {CBE0C14C-AF69-450F-9930-DDB23A981AE5}
	EndGlobalSection
EndGlobal
